// !$*UTF8*$!
{
	archiveVersion = 1;
	classes = {
	};
	objectVersion = 46;
	objects = {

/* Begin PBXBuildFile section */
		015A6B101D566A130095576B /* CompleteTaskViewController.swift in Sources */ = {isa = PBXBuildFile; fileRef = 015A6B0F1D566A130095576B /* CompleteTaskViewController.swift */; };
		015A6B121D566E960095576B /* Task.swift in Sources */ = {isa = PBXBuildFile; fileRef = 015A6B111D566E960095576B /* Task.swift */; };
		017EF1AC1D56483B00F0C96C /* AppDelegate.swift in Sources */ = {isa = PBXBuildFile; fileRef = 017EF1AB1D56483B00F0C96C /* AppDelegate.swift */; };
		017EF1AE1D56483B00F0C96C /* TasksViewController.swift in Sources */ = {isa = PBXBuildFile; fileRef = 017EF1AD1D56483B00F0C96C /* TasksViewController.swift */; };
		017EF1B11D56483B00F0C96C /* Main.storyboard in Resources */ = {isa = PBXBuildFile; fileRef = 017EF1AF1D56483B00F0C96C /* Main.storyboard */; };
		017EF1B41D56483B00F0C96C /* DoIt.xcdatamodeld in Sources */ = {isa = PBXBuildFile; fileRef = 017EF1B21D56483B00F0C96C /* DoIt.xcdatamodeld */; };
		017EF1B61D56483B00F0C96C /* Assets.xcassets in Resources */ = {isa = PBXBuildFile; fileRef = 017EF1B51D56483B00F0C96C /* Assets.xcassets */; };
		017EF1B91D56483B00F0C96C /* LaunchScreen.storyboard in Resources */ = {isa = PBXBuildFile; fileRef = 017EF1B71D56483B00F0C96C /* LaunchScreen.storyboard */; };
		017EF1C31D565DAF00F0C96C /* CreateTaskViewController.swift in Sources */ = {isa = PBXBuildFile; fileRef = 017EF1C21D565DAF00F0C96C /* CreateTaskViewController.swift */; };
/* End PBXBuildFile section */

/* Begin PBXFileReference section */
		015A6B0F1D566A130095576B /* CompleteTaskViewController.swift */ = {isa = PBXFileReference; fileEncoding = 4; lastKnownFileType = sourcecode.swift; path = CompleteTaskViewController.swift; sourceTree = "<group>"; };
		015A6B111D566E960095576B /* Task.swift */ = {isa = PBXFileReference; fileEncoding = 4; lastKnownFileType = sourcecode.swift; path = Task.swift; sourceTree = "<group>"; };
		017EF1A81D56483A00F0C96C /* DoIt.app */ = {isa = PBXFileReference; explicitFileType = wrapper.application; includeInIndex = 0; path = DoIt.app; sourceTree = BUILT_PRODUCTS_DIR; };
		017EF1AB1D56483B00F0C96C /* AppDelegate.swift */ = {isa = PBXFileReference; lastKnownFileType = sourcecode.swift; path = AppDelegate.swift; sourceTree = "<group>"; };
		017EF1AD1D56483B00F0C96C /* TasksViewController.swift */ = {isa = PBXFileReference; lastKnownFileType = sourcecode.swift; path = TasksViewController.swift; sourceTree = "<group>"; };
		017EF1B01D56483B00F0C96C /* Base */ = {isa = PBXFileReference; lastKnownFileType = file.storyboard; name = Base; path = Base.lproj/Main.storyboard; sourceTree = "<group>"; };
		017EF1B31D56483B00F0C96C /* DoIt.xcdatamodel */ = {isa = PBXFileReference; lastKnownFileType = wrapper.xcdatamodel; path = DoIt.xcdatamodel; sourceTree = "<group>"; };
		017EF1B51D56483B00F0C96C /* Assets.xcassets */ = {isa = PBXFileReference; lastKnownFileType = folder.assetcatalog; path = Assets.xcassets; sourceTree = "<group>"; };
		017EF1B81D56483B00F0C96C /* Base */ = {isa = PBXFileReference; lastKnownFileType = file.storyboard; name = Base; path = Base.lproj/LaunchScreen.storyboard; sourceTree = "<group>"; };
		017EF1BA1D56483B00F0C96C /* Info.plist */ = {isa = PBXFileReference; lastKnownFileType = text.plist.xml; path = Info.plist; sourceTree = "<group>"; };
		017EF1C21D565DAF00F0C96C /* CreateTaskViewController.swift */ = {isa = PBXFileReference; fileEncoding = 4; lastKnownFileType = sourcecode.swift; path = CreateTaskViewController.swift; sourceTree = "<group>"; };
/* End PBXFileReference section */

/* Begin PBXFrameworksBuildPhase section */
		017EF1A51D56483A00F0C96C /* Frameworks */ = {
			isa = PBXFrameworksBuildPhase;
			buildActionMask = 2147483647;
			files = (
			);
			runOnlyForDeploymentPostprocessing = 0;
		};
/* End PBXFrameworksBuildPhase section */

/* Begin PBXGroup section */
		017EF19F1D56483A00F0C96C = {
			isa = PBXGroup;
			children = (
				017EF1AA1D56483A00F0C96C /* DoIt */,
				017EF1A91D56483A00F0C96C /* Products */,
			);
			sourceTree = "<group>";
		};
		017EF1A91D56483A00F0C96C /* Products */ = {
			isa = PBXGroup;
			children = (
				017EF1A81D56483A00F0C96C /* DoIt.app */,
			);
			name = Products;
			sourceTree = "<group>";
		};
		017EF1AA1D56483A00F0C96C /* DoIt */ = {
			isa = PBXGroup;
			children = (
				017EF1AB1D56483B00F0C96C /* AppDelegate.swift */,
				017EF1AD1D56483B00F0C96C /* TasksViewController.swift */,
				017EF1C21D565DAF00F0C96C /* CreateTaskViewController.swift */,
				015A6B0F1D566A130095576B /* CompleteTaskViewController.swift */,
				017EF1AF1D56483B00F0C96C /* Main.storyboard */,
				017EF1B51D56483B00F0C96C /* Assets.xcassets */,
				017EF1B71D56483B00F0C96C /* LaunchScreen.storyboard */,
				017EF1BA1D56483B00F0C96C /* Info.plist */,
				017EF1B21D56483B00F0C96C /* DoIt.xcdatamodeld */,
				015A6B111D566E960095576B /* Task.swift */,
			);
			path = DoIt;
			sourceTree = "<group>";
		};
/* End PBXGroup section */

/* Begin PBXNativeTarget section */
		017EF1A71D56483A00F0C96C /* DoIt */ = {
			isa = PBXNativeTarget;
			buildConfigurationList = 017EF1BD1D56483B00F0C96C /* Build configuration list for PBXNativeTarget "DoIt" */;
			buildPhases = (
				017EF1A41D56483A00F0C96C /* Sources */,
				017EF1A51D56483A00F0C96C /* Frameworks */,
				017EF1A61D56483A00F0C96C /* Resources */,
			);
			buildRules = (
			);
			dependencies = (
			);
			name = DoIt;
			productName = DoIt;
			productReference = 017EF1A81D56483A00F0C96C /* DoIt.app */;
			productType = "com.apple.product-type.application";
		};
/* End PBXNativeTarget section */

/* Begin PBXProject section */
		017EF1A01D56483A00F0C96C /* Project object */ = {
			isa = PBXProject;
			attributes = {
				LastSwiftUpdateCheck = 0800;
				LastUpgradeCheck = 0800;
				ORGANIZATIONNAME = "Zappy Code";
				TargetAttributes = {
					017EF1A71D56483A00F0C96C = {
						CreatedOnToolsVersion = 8.0;
						DevelopmentTeam = WLDBM3YRW9;
						ProvisioningStyle = Automatic;
					};
				};
			};
			buildConfigurationList = 017EF1A31D56483A00F0C96C /* Build configuration list for PBXProject "DoIt" */;
			compatibilityVersion = "Xcode 3.2";
			developmentRegion = English;
			hasScannedForEncodings = 0;
			knownRegions = (
				en,
				Base,
			);
			mainGroup = 017EF19F1D56483A00F0C96C;
			productRefGroup = 017EF1A91D56483A00F0C96C /* Products */;
			projectDirPath = "";
			projectRoot = "";
			targets = (
				017EF1A71D56483A00F0C96C /* DoIt */,
			);
		};
/* End PBXProject section */

/* Begin PBXResourcesBuildPhase section */
		017EF1A61D56483A00F0C96C /* Resources */ = {
			isa = PBXResourcesBuildPhase;
			buildActionMask = 2147483647;
			files = (
				017EF1B91D56483B00F0C96C /* LaunchScreen.storyboard in Resources */,
				017EF1B61D56483B00F0C96C /* Assets.xcassets in Resources */,
				017EF1B11D56483B00F0C96C /* Main.storyboard in Resources */,
			);
			runOnlyForDeploymentPostprocessing = 0;
		};
/* End PBXResourcesBuildPhase section */

/* Begin PBXSourcesBuildPhase section */
		017EF1A41D56483A00F0C96C /* Sources */ = {
			isa = PBXSourcesBuildPhase;
			buildActionMask = 2147483647;
			files = (
				017EF1B41D56483B00F0C96C /* DoIt.xcdatamodeld in Sources */,
				015A6B101D566A130095576B /* CompleteTaskViewController.swift in Sources */,
				017EF1AE1D56483B00F0C96C /* TasksViewController.swift in Sources */,
				017EF1AC1D56483B00F0C96C /* AppDelegate.swift in Sources */,
				015A6B121D566E960095576B /* Task.swift in Sources */,
				017EF1C31D565DAF00F0C96C /* CreateTaskViewController.swift in Sources */,
			);
			runOnlyForDeploymentPostprocessing = 0;
		};
/* End PBXSourcesBuildPhase section */

/* Begin PBXVariantGroup section */
		017EF1AF1D56483B00F0C96C /* Main.storyboard */ = {
			isa = PBXVariantGroup;
			children = (
				017EF1B01D56483B00F0C96C /* Base */,
			);
			name = Main.storyboard;
			sourceTree = "<group>";
		};
		017EF1B71D56483B00F0C96C /* LaunchScreen.storyboard */ = {
			isa = PBXVariantGroup;
			children = (
				017EF1B81D56483B00F0C96C /* Base */,
			);
			name = LaunchScreen.storyboard;
			sourceTree = "<group>";
		};
/* End PBXVariantGroup section */

/* Begin XCBuildConfiguration section */
		017EF1BB1D56483B00F0C96C /* Debug */ = {
			isa = XCBuildConfiguration;
			buildSettings = {
				ALWAYS_SEARCH_USER_PATHS = NO;
				CLANG_ANALYZER_NONNULL = YES;
				CLANG_CXX_LANGUAGE_STANDARD = "gnu++0x";
				CLANG_CXX_LIBRARY = "libc++";
				CLANG_ENABLE_MODULES = YES;
				CLANG_ENABLE_OBJC_ARC = YES;
				CLANG_WARN_BOOL_CONVERSION = YES;
				CLANG_WARN_CONSTANT_CONVERSION = YES;
				CLANG_WARN_DIRECT_OBJC_ISA_USAGE = YES_ERROR;
				CLANG_WARN_DOCUMENTATION_COMMENTS = YES;
				CLANG_WARN_EMPTY_BODY = YES;
				CLANG_WARN_ENUM_CONVERSION = YES;
				CLANG_WARN_INFINITE_RECURSION = YES;
				CLANG_WARN_INT_CONVERSION = YES;
				CLANG_WARN_OBJC_ROOT_CLASS = YES_ERROR;
				CLANG_WARN_SUSPICIOUS_MOVES = YES;
				CLANG_WARN_UNREACHABLE_CODE = YES;
				CLANG_WARN__DUPLICATE_METHOD_MATCH = YES;
				"CODE_SIGN_IDENTITY[sdk=iphoneos*]" = "iPhone Developer";
				COPY_PHASE_STRIP = NO;
				DEBUG_INFORMATION_FORMAT = dwarf;
				ENABLE_STRICT_OBJC_MSGSEND = YES;
				ENABLE_TESTABILITY = YES;
				GCC_C_LANGUAGE_STANDARD = gnu99;
				GCC_DYNAMIC_NO_PIC = NO;
				GCC_NO_COMMON_BLOCKS = YES;
				GCC_OPTIMIZATION_LEVEL = 0;
				GCC_PREPROCESSOR_DEFINITIONS = (
					"DEBUG=1",
					"$(inherited)",
				);
				GCC_WARN_64_TO_32_BIT_CONVERSION = YES;
				GCC_WARN_ABOUT_RETURN_TYPE = YES_ERROR;
				GCC_WARN_UNDECLARED_SELECTOR = YES;
				GCC_WARN_UNINITIALIZED_AUTOS = YES_AGGRESSIVE;
				GCC_WARN_UNUSED_FUNCTION = YES;
				GCC_WARN_UNUSED_VARIABLE = YES;
				IPHONEOS_DEPLOYMENT_TARGET = 10.0;
				MTL_ENABLE_DEBUG_INFO = YES;
				ONLY_ACTIVE_ARCH = YES;
				SDKROOT = iphoneos;
				SWIFT_ACTIVE_COMPILATION_CONDITIONS = DEBUG;
				SWIFT_OPTIMIZATION_LEVEL = "-Onone";
				TARGETED_DEVICE_FAMILY = "1,2";
			};
			name = Debug;
		};
		017EF1BC1D56483B00F0C96C /* Release */ = {
			isa = XCBuildConfiguration;
			buildSettings = {
				ALWAYS_SEARCH_USER_PATHS = NO;
				CLANG_ANALYZER_NONNULL = YES;
				CLANG_CXX_LANGUAGE_STANDARD = "gnu++0x";
				CLANG_CXX_LIBRARY = "libc++";
				CLANG_ENABLE_MODULES = YES;
				CLANG_ENABLE_OBJC_ARC = YES;
				CLANG_WARN_BOOL_CONVERSION = YES;
				CLANG_WARN_CONSTANT_CONVERSION = YES;
				CLANG_WARN_DIRECT_OBJC_ISA_USAGE = YES_ERROR;
				CLANG_WARN_DOCUMENTATION_COMMENTS = YES;
				CLANG_WARN_EMPTY_BODY = YES;
				CLANG_WARN_ENUM_CONVERSION = YES;
				CLANG_WARN_INFINITE_RECURSION = YES;
				CLANG_WARN_INT_CONVERSION = YES;
				CLANG_WARN_OBJC_ROOT_CLASS = YES_ERROR;
				CLANG_WARN_SUSPICIOUS_MOVES = YES;
				CLANG_WARN_UNREACHABLE_CODE = YES;
				CLANG_WARN__DUPLICATE_METHOD_MATCH = YES;
				"CODE_SIGN_IDENTITY[sdk=iphoneos*]" = "iPhone Developer";
				COPY_PHASE_STRIP = NO;
				DEBUG_INFORMATION_FORMAT = "dwarf-with-dsym";
				ENABLE_NS_ASSERTIONS = NO;
				ENABLE_STRICT_OBJC_MSGSEND = YES;
				GCC_C_LANGUAGE_STANDARD = gnu99;
				GCC_NO_COMMON_BLOCKS = YES;
				GCC_WARN_64_TO_32_BIT_CONVERSION = YES;
				GCC_WARN_ABOUT_RETURN_TYPE = YES_ERROR;
				GCC_WARN_UNDECLARED_SELECTOR = YES;
				GCC_WARN_UNINITIALIZED_AUTOS = YES_AGGRESSIVE;
				GCC_WARN_UNUSED_FUNCTION = YES;
				GCC_WARN_UNUSED_VARIABLE = YES;
				IPHONEOS_DEPLOYMENT_TARGET = 10.0;
				MTL_ENABLE_DEBUG_INFO = NO;
				SDKROOT = iphoneos;
				SWIFT_OPTIMIZATION_LEVEL = "-Owholemodule";
				TARGETED_DEVICE_FAMILY = "1,2";
				VALIDATE_PRODUCT = YES;
			};
			name = Release;
		};
		017EF1BE1D56483B00F0C96C /* Debug */ = {
			isa = XCBuildConfiguration;
			buildSettings = {
				ASSETCATALOG_COMPILER_APPICON_NAME = AppIcon;
				DEVELOPMENT_TEAM = WLDBM3YRW9;
				INFOPLIST_FILE = DoIt/Info.plist;
				LD_RUNPATH_SEARCH_PATHS = "$(inherited) @executable_path/Frameworks";
				PRODUCT_BUNDLE_IDENTIFIER = com.zappyCode.DoIt;
				PRODUCT_NAME = "$(TARGET_NAME)";
				SWIFT_VERSION = 3.0;
			};
			name = Debug;
		};
		017EF1BF1D56483B00F0C96C /* Release */ = {
			isa = XCBuildConfiguration;
			buildSettings = {
				ASSETCATALOG_COMPILER_APPICON_NAME = AppIcon;
				DEVELOPMENT_TEAM = WLDBM3YRW9;
				INFOPLIST_FILE = DoIt/Info.plist;
				LD_RUNPATH_SEARCH_PATHS = "$(inherited) @executable_path/Frameworks";
				PRODUCT_BUNDLE_IDENTIFIER = com.zappyCode.DoIt;
				PRODUCT_NAME = "$(TARGET_NAME)";
				SWIFT_VERSION = 3.0;
			};
			name = Release;
		};
/* End XCBuildConfiguration section */

/* Begin XCConfigurationList section */
		017EF1A31D56483A00F0C96C /* Build configuration list for PBXProject "DoIt" */ = {
			isa = XCConfigurationList;
			buildConfigurations = (
				017EF1BB1D56483B00F0C96C /* Debug */,
				017EF1BC1D56483B00F0C96C /* Release */,
			);
			defaultConfigurationIsVisible = 0;
			defaultConfigurationName = Release;
		};
		017EF1BD1D56483B00F0C96C /* Build configuration list for PBXNativeTarget "DoIt" */ = {
			isa = XCConfigurationList;
			buildConfigurations = (
				017EF1BE1D56483B00F0C96C /* Debug */,
				017EF1BF1D56483B00F0C96C /* Release */,
			);
			defaultConfigurationIsVisible = 0;
			defaultConfigurationName = Release;
		};
/* End XCConfigurationList section */

/* Begin XCVersionGroup section */
		017EF1B21D56483B00F0C96C /* DoIt.xcdatamodeld */ = {
			isa = XCVersionGroup;
			children = (
				017EF1B31D56483B00F0C96C /* DoIt.xcdatamodel */,
			);
			currentVersion = 017EF1B31D56483B00F0C96C /* DoIt.xcdatamodel */;
			path = DoIt.xcdatamodeld;
			sourceTree = "<group>";
			versionGroupType = wrapper.xcdatamodel;
		};
/* End XCVersionGroup section */
	};
	rootObject = 017EF1A01D56483A00F0C96C /* Project object */;
}
